{
  "version": 4,
  "terraform_version": "0.13.4",
  "serial": 11,
  "lineage": "8ade2470-8c06-a7a4-3bd3-f14f6a1f896c",
  "outputs": {
    "AbdelBassetWebserver1PublicIP": {
      "value": [
        "132.145.183.86"
      ],
      "type": [
        "tuple",
        [
          "string"
        ]
      ]
    }
  },
  "resources": [
    {
      "mode": "data",
      "type": "oci_core_images",
      "name": "OSImageLocal",
      "provider": "provider[\"registry.terraform.io/hashicorp/oci\"]",
      "instances": [
        {
          "schema_version": 0,
          "attributes": {
            "compartment_id": "ocid1.compartment.oc1..aaaaaaaajxdvsfpmtc27gkxito4nisygfgc6mpl64jcjga7smtbypa37xurq",
            "display_name": "Oracle-Linux-7.8-2020.05.26-0",
            "filter": null,
            "id": "2020-10-02 15:49:27.954489473 +0000 UTC",
            "images": [
              {
                "agent_features": [],
                "base_image_id": "",
                "compartment_id": "",
                "create_image_allowed": true,
                "defined_tags": {},
                "display_name": "Oracle-Linux-7.8-2020.05.26-0",
                "freeform_tags": {},
                "id": "ocid1.image.oc1.iad.aaaaaaaashyy2whsxs65paokuhg5uyjjqq3x54tnix5all4jjxzvdlz6kltq",
                "image_source_details": [],
                "instance_id": "",
                "launch_mode": "NATIVE",
                "launch_options": [
                  {
                    "boot_volume_type": "PARAVIRTUALIZED",
                    "firmware": "UEFI_64",
                    "is_consistent_volume_naming_enabled": true,
                    "is_pv_encryption_in_transit_enabled": true,
                    "network_type": "PARAVIRTUALIZED",
                    "remote_data_volume_type": "PARAVIRTUALIZED"
                  }
                ],
                "operating_system": "Oracle Linux",
                "operating_system_version": "7.8",
                "size_in_mbs": "47694",
                "state": "AVAILABLE",
                "time_created": "2020-05-28 22:54:17.631 +0000 UTC"
              }
            ],
            "operating_system": null,
            "operating_system_version": null,
            "shape": null,
            "sort_by": null,
            "sort_order": null,
            "state": null
          }
        }
      ]
    },
    {
      "mode": "data",
      "type": "oci_core_vnic",
      "name": "AbdelBassetWebserver1_VNIC1",
      "provider": "provider[\"registry.terraform.io/hashicorp/oci\"]",
      "instances": [
        {
          "schema_version": 0,
          "attributes": {
            "availability_domain": "vzAG:US-ASHBURN-AD-2",
            "compartment_id": "ocid1.compartment.oc1..aaaaaaaajxdvsfpmtc27gkxito4nisygfgc6mpl64jcjga7smtbypa37xurq",
            "defined_tags": {
              "GlobalNS.root_username_tag": "oracleidentitycloudservice/mohamed.abdel.basset@oracle.com"
            },
            "display_name": "AbdelBassetWebServer1",
            "freeform_tags": {},
            "hostname_label": "abdelbassetwebserver1",
            "id": "ocid1.vnic.oc1.iad.abuwcljrq32jeoedcfsrbx73ki5eow5zvj3mb7bzzmc6q33mlbgsd5e5j3na",
            "is_primary": true,
            "mac_address": "02:00:17:03:6D:37",
            "nsg_ids": [],
            "private_ip_address": "10.0.1.2",
            "public_ip_address": "132.145.183.86",
            "skip_source_dest_check": false,
            "state": "AVAILABLE",
            "subnet_id": "ocid1.subnet.oc1.iad.aaaaaaaayjtrqtlsnkvgjwyf2fmy5hco5bpykqfw5jpl6uasr7sy5cbzfuea",
            "time_created": "2020-10-02 15:49:44.52 +0000 UTC",
            "vlan_id": null,
            "vnic_id": "ocid1.vnic.oc1.iad.abuwcljrq32jeoedcfsrbx73ki5eow5zvj3mb7bzzmc6q33mlbgsd5e5j3na"
          }
        }
      ]
    },
    {
      "mode": "data",
      "type": "oci_core_vnic_attachments",
      "name": "AbdelBassetWebserver1_VNIC1_attach",
      "provider": "provider[\"registry.terraform.io/hashicorp/oci\"]",
      "instances": [
        {
          "schema_version": 0,
          "attributes": {
            "availability_domain": "vzAG:US-ASHBURN-AD-2",
            "compartment_id": "ocid1.compartment.oc1..aaaaaaaajxdvsfpmtc27gkxito4nisygfgc6mpl64jcjga7smtbypa37xurq",
            "filter": null,
            "id": "2020-10-02 15:51:18.536760154 +0000 UTC",
            "instance_id": "ocid1.instance.oc1.iad.anuwcljr3vux2gicpsrniucskvbdhgipuafwf6fr5ijfmhrobsr7mjurnueq",
            "vnic_attachments": [
              {
                "availability_domain": "vzAG:US-ASHBURN-AD-2",
                "compartment_id": "ocid1.compartment.oc1..aaaaaaaajxdvsfpmtc27gkxito4nisygfgc6mpl64jcjga7smtbypa37xurq",
                "create_vnic_details": [],
                "display_name": "",
                "id": "ocid1.vnicattachment.oc1.iad.anuwcljr3vux2gicszcoywli3vjiab7q2n2lxtwteezesawjyh5el7zpuv4a",
                "instance_id": "ocid1.instance.oc1.iad.anuwcljr3vux2gicpsrniucskvbdhgipuafwf6fr5ijfmhrobsr7mjurnueq",
                "nic_index": 0,
                "state": "ATTACHED",
                "subnet_id": "ocid1.subnet.oc1.iad.aaaaaaaayjtrqtlsnkvgjwyf2fmy5hco5bpykqfw5jpl6uasr7sy5cbzfuea",
                "time_created": "2020-10-02 15:49:44.944 +0000 UTC",
                "vlan_id": "",
                "vlan_tag": 1493,
                "vnic_id": "ocid1.vnic.oc1.iad.abuwcljrq32jeoedcfsrbx73ki5eow5zvj3mb7bzzmc6q33mlbgsd5e5j3na"
              }
            ],
            "vnic_id": null
          }
        }
      ]
    },
    {
      "mode": "data",
      "type": "oci_identity_availability_domains",
      "name": "ADs",
      "provider": "provider[\"registry.terraform.io/hashicorp/oci\"]",
      "instances": [
        {
          "schema_version": 0,
          "attributes": {
            "availability_domains": [
              {
                "compartment_id": "ocid1.compartment.oc1..aaaaaaaajxdvsfpmtc27gkxito4nisygfgc6mpl64jcjga7smtbypa37xurq",
                "id": "ocid1.availabilitydomain.oc1..aaaaaaaaztunlny6ae4yw2vghp5go2zceaonwp6wiioe3tnh2vlaxjjl2n3a",
                "name": "vzAG:US-ASHBURN-AD-1"
              },
              {
                "compartment_id": "ocid1.compartment.oc1..aaaaaaaajxdvsfpmtc27gkxito4nisygfgc6mpl64jcjga7smtbypa37xurq",
                "id": "ocid1.availabilitydomain.oc1..aaaaaaaauvt2n7pijol7uqgdnnsoojcukrijtmcltvfwxazmitk235wyohta",
                "name": "vzAG:US-ASHBURN-AD-2"
              },
              {
                "compartment_id": "ocid1.compartment.oc1..aaaaaaaajxdvsfpmtc27gkxito4nisygfgc6mpl64jcjga7smtbypa37xurq",
                "id": "ocid1.availabilitydomain.oc1..aaaaaaaatrwxaogr7dl4yschqtrmqrdv6uzis3mgbnomiagqrfhcb7mxsfdq",
                "name": "vzAG:US-ASHBURN-AD-3"
              }
            ],
            "compartment_id": "ocid1.compartment.oc1..aaaaaaaajxdvsfpmtc27gkxito4nisygfgc6mpl64jcjga7smtbypa37xurq",
            "filter": null,
            "id": "2020-10-02 15:49:28.075026094 +0000 UTC"
          }
        }
      ]
    },
    {
      "mode": "managed",
      "type": "null_resource",
      "name": "AbdelBassetWebserver1HTTPD",
      "provider": "provider[\"registry.terraform.io/hashicorp/null\"]",
      "instances": [
        {
          "schema_version": 0,
          "attributes": {
            "id": "3891185289807094745",
            "triggers": null
          },
          "private": "bnVsbA==",
          "dependencies": [
            "data.oci_core_images.OSImageLocal",
            "data.oci_core_vnic.AbdelBassetWebserver1_VNIC1",
            "data.oci_core_vnic_attachments.AbdelBassetWebserver1_VNIC1_attach",
            "data.oci_identity_availability_domains.ADs",
            "oci_core_instance.AbdelBassetWebserver1",
            "oci_core_route_table.AbdelBassetRouteTableViaIGW",
            "oci_core_security_list.AbdelBassetSecurityList",
            "oci_core_subnet.AbdelBassetSubnet",
            "oci_core_vcn.AbdelBassetVCN"
          ]
        }
      ]
    },
    {
      "mode": "managed",
      "type": "oci_core_instance",
      "name": "AbdelBassetWebserver1",
      "provider": "provider[\"registry.terraform.io/hashicorp/oci\"]",
      "instances": [
        {
          "schema_version": 0,
          "attributes": {
            "agent_config": [
              {
                "is_management_disabled": false,
                "is_monitoring_disabled": false
              }
            ],
            "availability_config": [
              {
                "recovery_action": "RESTORE_INSTANCE"
              }
            ],
            "availability_domain": "vzAG:US-ASHBURN-AD-2",
            "boot_volume_id": "ocid1.bootvolume.oc1.iad.abuwcljr5wflzxfbrkb2k4lf3nbw2fjbcreuj7mouwnycc67qcg6uqtlf2uq",
            "compartment_id": "ocid1.compartment.oc1..aaaaaaaajxdvsfpmtc27gkxito4nisygfgc6mpl64jcjga7smtbypa37xurq",
            "create_vnic_details": [
              {
                "assign_public_ip": "true",
                "defined_tags": {
                  "GlobalNS.root_username_tag": "oracleidentitycloudservice/mohamed.abdel.basset@oracle.com"
                },
                "display_name": "AbdelBassetWebServer1",
                "freeform_tags": {},
                "hostname_label": "abdelbassetwebserver1",
                "nsg_ids": null,
                "private_ip": "10.0.1.2",
                "skip_source_dest_check": false,
                "subnet_id": "ocid1.subnet.oc1.iad.aaaaaaaayjtrqtlsnkvgjwyf2fmy5hco5bpykqfw5jpl6uasr7sy5cbzfuea",
                "vlan_id": ""
              }
            ],
            "dedicated_vm_host_id": null,
            "defined_tags": {
              "GlobalNS.root_username_tag": "oracleidentitycloudservice/mohamed.abdel.basset@oracle.com"
            },
            "display_name": "AbdelBassetWebServer1",
            "extended_metadata": null,
            "fault_domain": "FAULT-DOMAIN-2",
            "freeform_tags": {},
            "hostname_label": "abdelbassetwebserver1",
            "id": "ocid1.instance.oc1.iad.anuwcljr3vux2gicpsrniucskvbdhgipuafwf6fr5ijfmhrobsr7mjurnueq",
            "image": "ocid1.image.oc1.iad.aaaaaaaashyy2whsxs65paokuhg5uyjjqq3x54tnix5all4jjxzvdlz6kltq",
            "ipxe_script": null,
            "is_pv_encryption_in_transit_enabled": null,
            "launch_mode": "PARAVIRTUALIZED",
            "launch_options": [
              {
                "boot_volume_type": "PARAVIRTUALIZED",
                "firmware": "UEFI_64",
                "is_consistent_volume_naming_enabled": true,
                "is_pv_encryption_in_transit_enabled": false,
                "network_type": "PARAVIRTUALIZED",
                "remote_data_volume_type": "PARAVIRTUALIZED"
              }
            ],
            "metadata": {
              "ssh_authorized_keys": "ssh-rsa AAAAB3NzaC1yc2EAAAADAQABAAABAQDIucmwctZsDTd/Hr70HVRbeRS3gZ+IqwMctWS9YIy2LqlqjkmztxpgG/ZJ2SprBe9QS+ARDj6OTWu3eTHYLO+GnGI9GU6lxmjZNaWWVAzcBO8IiL5WoLNoh78eRArN6yQxuo++AlvSZFhHiva2u2lGnQ3GGBsjveiCzLeLJCcz75oltLDFuGQurVeQwG3mqSZTN+4prwvEx6ZzajqlARYq7ZrHmRZSjOduw+XmClsdW9wMpQY1ic4fUIVMZutY3oHvvNXDDtKY4B9aA7/An+d4PIfC4eFA9k/0poQuVrUQzxjy3UIQD4u58zkNdxtLAeiAZYsbiOaiuyMME9eKeLMh tfkeys\n"
            },
            "preserve_boot_volume": null,
            "private_ip": "10.0.1.2",
            "public_ip": "132.145.183.86",
            "region": "iad",
            "shape": "VM.Standard.E2.1",
            "shape_config": [
              {
                "gpu_description": "",
                "gpus": 0,
                "local_disk_description": "",
                "local_disks": 0,
                "local_disks_total_size_in_gbs": 0,
                "max_vnic_attachments": 2,
                "memory_in_gbs": 8,
                "networking_bandwidth_in_gbps": 0.699999988079071,
                "ocpus": 1,
                "processor_description": "2.0 GHz AMD EPYC™ 7551 (Naples)"
              }
            ],
            "source_details": [
              {
                "boot_volume_size_in_gbs": "47",
                "kms_key_id": "",
                "source_id": "ocid1.image.oc1.iad.aaaaaaaashyy2whsxs65paokuhg5uyjjqq3x54tnix5all4jjxzvdlz6kltq",
                "source_type": "image"
              }
            ],
            "state": "RUNNING",
            "subnet_id": "ocid1.subnet.oc1.iad.aaaaaaaayjtrqtlsnkvgjwyf2fmy5hco5bpykqfw5jpl6uasr7sy5cbzfuea",
            "system_tags": {},
            "time_created": "2020-10-02 15:49:34.697 +0000 UTC",
            "time_maintenance_reboot_due": "",
            "timeouts": null
          },
          "private": "eyJlMmJmYjczMC1lY2FhLTExZTYtOGY4OC0zNDM2M2JjN2M0YzAiOnsiY3JlYXRlIjo3MjAwMDAwMDAwMDAwLCJkZWxldGUiOjcyMDAwMDAwMDAwMDAsInVwZGF0ZSI6NzIwMDAwMDAwMDAwMH19",
          "dependencies": [
            "data.oci_core_images.OSImageLocal",
            "data.oci_identity_availability_domains.ADs",
            "oci_core_route_table.AbdelBassetRouteTableViaIGW",
            "oci_core_security_list.AbdelBassetSecurityList",
            "oci_core_subnet.AbdelBassetSubnet",
            "oci_core_vcn.AbdelBassetVCN"
          ]
        }
      ]
    },
    {
      "mode": "managed",
      "type": "oci_core_internet_gateway",
      "name": "AbdelBassetInternetGateway",
      "provider": "provider[\"registry.terraform.io/hashicorp/oci\"]",
      "instances": [
        {
          "schema_version": 0,
          "attributes": {
            "compartment_id": "ocid1.compartment.oc1..aaaaaaaajxdvsfpmtc27gkxito4nisygfgc6mpl64jcjga7smtbypa37xurq",
            "defined_tags": {
              "GlobalNS.root_username_tag": "oracleidentitycloudservice/mohamed.abdel.basset@oracle.com"
            },
            "display_name": "AbdelBassetInternetGateway",
            "enabled": true,
            "freeform_tags": {},
            "id": "ocid1.internetgateway.oc1.iad.aaaaaaaaquzcf4kw33a3tkefv6tdchjjm2uba5cfb6iq6oft4gnjnrltlmuq",
            "state": "AVAILABLE",
            "time_created": "2020-10-02 15:33:00.477 +0000 UTC",
            "timeouts": null,
            "vcn_id": "ocid1.vcn.oc1.iad.amaaaaaa3vux2giaflo7zcntbe5pqhyo5equbj7cpvjbcjgsfi4npb4ajpra"
          },
          "private": "eyJlMmJmYjczMC1lY2FhLTExZTYtOGY4OC0zNDM2M2JjN2M0YzAiOnsiY3JlYXRlIjo5MDAwMDAwMDAwMDAsImRlbGV0ZSI6OTAwMDAwMDAwMDAwLCJ1cGRhdGUiOjkwMDAwMDAwMDAwMH19",
          "dependencies": [
            "oci_core_vcn.AbdelBassetVCN"
          ]
        }
      ]
    },
    {
      "mode": "managed",
      "type": "oci_core_route_table",
      "name": "AbdelBassetRouteTableViaIGW",
      "provider": "provider[\"registry.terraform.io/hashicorp/oci\"]",
      "instances": [
        {
          "schema_version": 0,
          "attributes": {
            "compartment_id": "ocid1.compartment.oc1..aaaaaaaajxdvsfpmtc27gkxito4nisygfgc6mpl64jcjga7smtbypa37xurq",
            "defined_tags": {
              "GlobalNS.root_username_tag": "oracleidentitycloudservice/mohamed.abdel.basset@oracle.com"
            },
            "display_name": "AbdelBassetTableViaIGW",
            "freeform_tags": {},
            "id": "ocid1.routetable.oc1.iad.aaaaaaaavgmrmeo77is3n3nifkd5io6xyauvckxvuktnumx7534bxmqlr77q",
            "route_rules": [
              {
                "cidr_block": "",
                "description": "",
                "destination": "0.0.0.0/0",
                "destination_type": "CIDR_BLOCK",
                "network_entity_id": "ocid1.internetgateway.oc1.iad.aaaaaaaaquzcf4kw33a3tkefv6tdchjjm2uba5cfb6iq6oft4gnjnrltlmuq"
              }
            ],
            "state": "AVAILABLE",
            "time_created": "2020-10-02 15:33:00.81 +0000 UTC",
            "timeouts": null,
            "vcn_id": "ocid1.vcn.oc1.iad.amaaaaaa3vux2giaflo7zcntbe5pqhyo5equbj7cpvjbcjgsfi4npb4ajpra"
          },
          "private": "eyJlMmJmYjczMC1lY2FhLTExZTYtOGY4OC0zNDM2M2JjN2M0YzAiOnsiY3JlYXRlIjo5MDAwMDAwMDAwMDAsImRlbGV0ZSI6OTAwMDAwMDAwMDAwLCJ1cGRhdGUiOjkwMDAwMDAwMDAwMH19",
          "dependencies": [
            "oci_core_internet_gateway.AbdelBassetInternetGateway",
            "oci_core_vcn.AbdelBassetVCN"
          ]
        }
      ]
    },
    {
      "mode": "managed",
      "type": "oci_core_security_list",
      "name": "AbdelBassetSecurityList",
      "provider": "provider[\"registry.terraform.io/hashicorp/oci\"]",
      "instances": [
        {
          "schema_version": 0,
          "attributes": {
            "compartment_id": "ocid1.compartment.oc1..aaaaaaaajxdvsfpmtc27gkxito4nisygfgc6mpl64jcjga7smtbypa37xurq",
            "defined_tags": {
              "GlobalNS.root_username_tag": "oracleidentitycloudservice/mohamed.abdel.basset@oracle.com"
            },
            "display_name": "AbdelBassetSecurityList",
            "egress_security_rules": [
              {
                "description": "",
                "destination": "0.0.0.0/0",
                "destination_type": "CIDR_BLOCK",
                "icmp_options": [],
                "protocol": "6",
                "stateless": false,
                "tcp_options": [],
                "udp_options": []
              }
            ],
            "freeform_tags": {},
            "id": "ocid1.securitylist.oc1.iad.aaaaaaaa63dw5zqp5jdejnqdjispib54v2a3ak2fykp2bpmn6d5tj7v3npcq",
            "ingress_security_rules": [
              {
                "description": "",
                "icmp_options": [],
                "protocol": "6",
                "source": "0.0.0.0/0",
                "source_type": "CIDR_BLOCK",
                "stateless": false,
                "tcp_options": [
                  {
                    "max": 22,
                    "min": 22,
                    "source_port_range": []
                  }
                ],
                "udp_options": []
              },
              {
                "description": "",
                "icmp_options": [],
                "protocol": "6",
                "source": "0.0.0.0/0",
                "source_type": "CIDR_BLOCK",
                "stateless": false,
                "tcp_options": [
                  {
                    "max": 443,
                    "min": 443,
                    "source_port_range": []
                  }
                ],
                "udp_options": []
              },
              {
                "description": "",
                "icmp_options": [],
                "protocol": "6",
                "source": "0.0.0.0/0",
                "source_type": "CIDR_BLOCK",
                "stateless": false,
                "tcp_options": [
                  {
                    "max": 80,
                    "min": 80,
                    "source_port_range": []
                  }
                ],
                "udp_options": []
              },
              {
                "description": "",
                "icmp_options": [],
                "protocol": "6",
                "source": "10.0.0.0/16",
                "source_type": "CIDR_BLOCK",
                "stateless": false,
                "tcp_options": [],
                "udp_options": []
              }
            ],
            "state": "AVAILABLE",
            "time_created": "2020-10-02 15:33:00.362 +0000 UTC",
            "timeouts": null,
            "vcn_id": "ocid1.vcn.oc1.iad.amaaaaaa3vux2giaflo7zcntbe5pqhyo5equbj7cpvjbcjgsfi4npb4ajpra"
          },
          "private": "eyJlMmJmYjczMC1lY2FhLTExZTYtOGY4OC0zNDM2M2JjN2M0YzAiOnsiY3JlYXRlIjo5MDAwMDAwMDAwMDAsImRlbGV0ZSI6OTAwMDAwMDAwMDAwLCJ1cGRhdGUiOjkwMDAwMDAwMDAwMH19",
          "dependencies": [
            "oci_core_vcn.AbdelBassetVCN"
          ]
        }
      ]
    },
    {
      "mode": "managed",
      "type": "oci_core_subnet",
      "name": "AbdelBassetSubnet",
      "provider": "provider[\"registry.terraform.io/hashicorp/oci\"]",
      "instances": [
        {
          "schema_version": 0,
          "attributes": {
            "availability_domain": null,
            "cidr_block": "10.0.1.0/24",
            "compartment_id": "ocid1.compartment.oc1..aaaaaaaajxdvsfpmtc27gkxito4nisygfgc6mpl64jcjga7smtbypa37xurq",
            "defined_tags": {
              "GlobalNS.root_username_tag": "oracleidentitycloudservice/mohamed.abdel.basset@oracle.com"
            },
            "dhcp_options_id": "ocid1.dhcpoptions.oc1.iad.aaaaaaaabomdqq6kjpunn3wj3wxx6x5a2s4wfuseq5oenlnyh52qpwhz6hca",
            "display_name": "AbdelBassetSubnet",
            "dns_label": "abdelbassetn1",
            "freeform_tags": {},
            "id": "ocid1.subnet.oc1.iad.aaaaaaaayjtrqtlsnkvgjwyf2fmy5hco5bpykqfw5jpl6uasr7sy5cbzfuea",
            "ipv6cidr_block": null,
            "ipv6public_cidr_block": null,
            "ipv6virtual_router_ip": null,
            "prohibit_public_ip_on_vnic": false,
            "route_table_id": "ocid1.routetable.oc1.iad.aaaaaaaavgmrmeo77is3n3nifkd5io6xyauvckxvuktnumx7534bxmqlr77q",
            "security_list_ids": [
              "ocid1.securitylist.oc1.iad.aaaaaaaa63dw5zqp5jdejnqdjispib54v2a3ak2fykp2bpmn6d5tj7v3npcq"
            ],
            "state": "AVAILABLE",
            "subnet_domain_name": "abdelbassetn1.abdelbassetvcn.oraclevcn.com",
            "time_created": "2020-10-02 15:49:31.71 +0000 UTC",
            "timeouts": null,
            "vcn_id": "ocid1.vcn.oc1.iad.amaaaaaa3vux2giaflo7zcntbe5pqhyo5equbj7cpvjbcjgsfi4npb4ajpra",
            "virtual_router_ip": "10.0.1.1",
            "virtual_router_mac": "00:00:17:B6:34:5B"
          },
          "private": "eyJlMmJmYjczMC1lY2FhLTExZTYtOGY4OC0zNDM2M2JjN2M0YzAiOnsiY3JlYXRlIjo5MDAwMDAwMDAwMDAsImRlbGV0ZSI6OTAwMDAwMDAwMDAwLCJ1cGRhdGUiOjkwMDAwMDAwMDAwMH19",
          "dependencies": [
            "oci_core_route_table.AbdelBassetRouteTableViaIGW",
            "oci_core_security_list.AbdelBassetSecurityList",
            "oci_core_vcn.AbdelBassetVCN"
          ]
        }
      ]
    },
    {
      "mode": "managed",
      "type": "oci_core_vcn",
      "name": "AbdelBassetVCN",
      "provider": "provider[\"registry.terraform.io/hashicorp/oci\"]",
      "instances": [
        {
          "schema_version": 0,
          "attributes": {
            "cidr_block": "10.0.0.0/16",
            "compartment_id": "ocid1.compartment.oc1..aaaaaaaajxdvsfpmtc27gkxito4nisygfgc6mpl64jcjga7smtbypa37xurq",
            "default_dhcp_options_id": "ocid1.dhcpoptions.oc1.iad.aaaaaaaabomdqq6kjpunn3wj3wxx6x5a2s4wfuseq5oenlnyh52qpwhz6hca",
            "default_route_table_id": "ocid1.routetable.oc1.iad.aaaaaaaawnt2fsij7se6b5en3sb3rw4xllr6tbwihno6cnhhd5nnztv23yuq",
            "default_security_list_id": "ocid1.securitylist.oc1.iad.aaaaaaaajdte675v3vppr3tm333ff2amn4s3rrbolvpoqcjqvmzul4rmb4uq",
            "defined_tags": {
              "GlobalNS.root_username_tag": "oracleidentitycloudservice/mohamed.abdel.basset@oracle.com"
            },
            "display_name": "AbdelBassetVCN",
            "dns_label": "abdelbassetvcn",
            "freeform_tags": {},
            "id": "ocid1.vcn.oc1.iad.amaaaaaa3vux2giaflo7zcntbe5pqhyo5equbj7cpvjbcjgsfi4npb4ajpra",
            "ipv6cidr_block": null,
            "ipv6public_cidr_block": null,
            "is_ipv6enabled": null,
            "state": "AVAILABLE",
            "time_created": "2020-10-02 15:32:59.963 +0000 UTC",
            "timeouts": null,
            "vcn_domain_name": "abdelbassetvcn.oraclevcn.com"
          },
          "private": "eyJlMmJmYjczMC1lY2FhLTExZTYtOGY4OC0zNDM2M2JjN2M0YzAiOnsiY3JlYXRlIjo5MDAwMDAwMDAwMDAsImRlbGV0ZSI6OTAwMDAwMDAwMDAwLCJ1cGRhdGUiOjkwMDAwMDAwMDAwMH19"
        }
      ]
    }
  ]
}
